
Microsoft Visual Studio Solution File, Format Version 12.00
# Visual Studio Version 16
VisualStudioVersion = 16.0.30104.148
MinimumVisualStudioVersion = 10.0.40219.1
Project("{FAE04EC0-301F-11D3-BF4B-00C04F79EFBC}") = "HRMSApp.Web", "HRMSApp.Web\HRMSApp.Web.csproj", "{231D9058-2A16-48F9-A720-EBFFBDF1E670}"
EndProject
Project("{FAE04EC0-301F-11D3-BF4B-00C04F79EFBC}") = "HRMSApp.Data", "HRMSApp.Data\HRMSApp.Data.csproj", "{7DFC69C3-B3D0-4EB6-B37D-13907FD2230A}"
EndProject
Project("{FAE04EC0-301F-11D3-BF4B-00C04F79EFBC}") = "HRMSApp.Business", "HRMSApp.Business\HRMSApp.Business.csproj", "{00B7B4CB-D533-4FAD-8257-21BA3F85BB34}"
EndProject
Global
	GlobalSection(SolutionConfigurationPlatforms) = preSolution
		Debug|Any CPU = Debug|Any CPU
		Release|Any CPU = Release|Any CPU
	EndGlobalSection
	GlobalSection(ProjectConfigurationPlatforms) = postSolution
		{231D9058-2A16-48F9-A720-EBFFBDF1E670}.Debug|Any CPU.ActiveCfg = Debug|Any CPU
		{231D9058-2A16-48F9-A720-EBFFBDF1E670}.Debug|Any CPU.Build.0 = Debug|Any CPU
		{231D9058-2A16-48F9-A720-EBFFBDF1E670}.Release|Any CPU.ActiveCfg = Release|Any CPU
		{231D9058-2A16-48F9-A720-EBFFBDF1E670}.Release|Any CPU.Build.0 = Release|Any CPU
		{7DFC69C3-B3D0-4EB6-B37D-13907FD2230A}.Debug|Any CPU.ActiveCfg = Debug|Any CPU
		{7DFC69C3-B3D0-4EB6-B37D-13907FD2230A}.Debug|Any CPU.Build.0 = Debug|Any CPU
		{7DFC69C3-B3D0-4EB6-B37D-13907FD2230A}.Release|Any CPU.ActiveCfg = Release|Any CPU
		{7DFC69C3-B3D0-4EB6-B37D-13907FD2230A}.Release|Any CPU.Build.0 = Release|Any CPU
		{00B7B4CB-D533-4FAD-8257-21BA3F85BB34}.Debug|Any CPU.ActiveCfg = Debug|Any CPU
		{00B7B4CB-D533-4FAD-8257-21BA3F85BB34}.Debug|Any CPU.Build.0 = Debug|Any CPU
		{00B7B4CB-D533-4FAD-8257-21BA3F85BB34}.Release|Any CPU.ActiveCfg = Release|Any CPU
		{00B7B4CB-D533-4FAD-8257-21BA3F85BB34}.Release|Any CPU.Build.0 = Release|Any CPU
	EndGlobalSection
	GlobalSection(SolutionProperties) = preSolution
		HideSolutionNode = FALSE
	EndGlobalSection
	GlobalSection(ExtensibilityGlobals) = postSolution
		SolutionGuid = {43C8984C-E776-4B87-91AD-D205725F0218}
	EndGlobalSection
EndGlobal
